
Microsoft Visual Studio Solution File, Format Version 12.00
Project("{FAE04EC0-301F-11D3-BF4B-00C04F79EFBC}") = "wxl2png", "wxl2png.csproj", "{3657C314-26BB-4E40-9DD3-7279E68F6731}"
EndProject
Global
	GlobalSection(SolutionConfigurationPlatforms) = preSolution
		Debug|Any CPU = Debug|Any CPU
		Release|Any CPU = Release|Any CPU
	EndGlobalSection
	GlobalSection(ProjectConfigurationPlatforms) = postSolution
		{3657C314-26BB-4E40-9DD3-7279E68F6731}.Debug|Any CPU.ActiveCfg = Debug|Any CPU
		{3657C314-26BB-4E40-9DD3-7279E68F6731}.Debug|Any CPU.Build.0 = Debug|Any CPU
		{3657C314-26BB-4E40-9DD3-7279E68F6731}.Release|Any CPU.ActiveCfg = Release|Any CPU
		{3657C314-26BB-4E40-9DD3-7279E68F6731}.Release|Any CPU.Build.0 = Release|Any CPU
	EndGlobalSection
EndGlobal
